
Microsoft Visual Studio Solution File, Format Version 12.00
# Visual Studio Version 16
VisualStudioVersion = 16.0.29403.142
MinimumVisualStudioVersion = 10.0.40219.1
Project("{9A19103F-16F7-4668-BE54-9A1E7A4F7556}") = "PERSONEL_PROJEM", "WebApplication1\PERSONEL_PROJEM.csproj", "{1A853A09-95C6-483E-9A11-89EE392DAE89}"
EndProject
Global
	GlobalSection(SolutionConfigurationPlatforms) = preSolution
		Debug|Any CPU = Debug|Any CPU
		Release|Any CPU = Release|Any CPU
	EndGlobalSection
	GlobalSection(ProjectConfigurationPlatforms) = postSolution
		{1A853A09-95C6-483E-9A11-89EE392DAE89}.Debug|Any CPU.ActiveCfg = Debug|Any CPU
		{1A853A09-95C6-483E-9A11-89EE392DAE89}.Debug|Any CPU.Build.0 = Debug|Any CPU
		{1A853A09-95C6-483E-9A11-89EE392DAE89}.Release|Any CPU.ActiveCfg = Release|Any CPU
		{1A853A09-95C6-483E-9A11-89EE392DAE89}.Release|Any CPU.Build.0 = Release|Any CPU
	EndGlobalSection
	GlobalSection(SolutionProperties) = preSolution
		HideSolutionNode = FALSE
	EndGlobalSection
	GlobalSection(ExtensibilityGlobals) = postSolution
		SolutionGuid = {98CB59F8-DDE6-4407-9130-1A45C0991D01}
	EndGlobalSection
EndGlobal
